PODS:
  - Agora_Chat_iOS (1.2.0)
  - chat-uikit (1.2.0):
    - Agora_Chat_iOS (>= 1.2.0)
    - EMVoiceConvert (= 0.1.0)
    - MJRefresh
  - EMVoiceConvert (0.1.0)
  - Masonry (1.1.0)
  - MJRefresh (3.7.9)

DEPENDENCIES:
  - chat-uikit
  - Masonry

SPEC REPOS:
  trunk:
    - Agora_Chat_iOS
    - chat-uikit
    - EMVoiceConvert
    - Masonry
    - MJRefresh

SPEC CHECKSUMS:
  Agora_Chat_iOS: e11aa75b290e5e8a6b90c1c73642ac1172a71b97
  chat-uikit: 44becefb94fdbcb87d26a78e1685fa98a92e13ce
  EMVoiceConvert: 32a0eaada94d93c151a5abd53ee174cd4e63b01f
  Masonry: 678fab65091a9290e40e2832a55e7ab731aad201
  MJRefresh: ff9e531227924c84ce459338414550a05d2aea78

PODFILE CHECKSUM: fa1dae3a3340eafb4786171e63d7e40884bbbefa

COCOAPODS: 1.15.2
